// !$*UTF8*$!
{
	archiveVersion = 1;
	classes = {
	};
	objectVersion = 56;
	objects = {

/* Begin PBXBuildFile section */
		FB3350542A8EF86400782F6A /* Master_Code_BreakerApp.swift in Sources */ = {isa = PBXBuildFile; fileRef = FB3350532A8EF86400782F6A /* Master_Code_BreakerApp.swift */; };
		FB3350562A8EF86400782F6A /* ContentView.swift in Sources */ = {isa = PBXBuildFile; fileRef = FB3350552A8EF86400782F6A /* ContentView.swift */; };
		FB3350582A8EF86700782F6A /* Assets.xcassets in Resources */ = {isa = PBXBuildFile; fileRef = FB3350572A8EF86700782F6A /* Assets.xcassets */; };
		FB33505B2A8EF86700782F6A /* Preview Assets.xcassets in Resources */ = {isa = PBXBuildFile; fileRef = FB33505A2A8EF86700782F6A /* Preview Assets.xcassets */; };
		FB3350622A8EF87E00782F6A /* MastermindGame.swift in Sources */ = {isa = PBXBuildFile; fileRef = FB3350612A8EF87E00782F6A /* MastermindGame.swift */; };
		FB3350642A8EF8D700782F6A /* MastermindRow.swift in Sources */ = {isa = PBXBuildFile; fileRef = FB3350632A8EF8D700782F6A /* MastermindRow.swift */; };
		FB3350662A8EF90400782F6A /* MastermindCell.swift in Sources */ = {isa = PBXBuildFile; fileRef = FB3350652A8EF90400782F6A /* MastermindCell.swift */; };
		FB3350682A8EFC4300782F6A /* MastermindGrade.swift in Sources */ = {isa = PBXBuildFile; fileRef = FB3350672A8EFC4300782F6A /* MastermindGrade.swift */; };
		FB33506C2A8F066700782F6A /* MastermindGridUI.swift in Sources */ = {isa = PBXBuildFile; fileRef = FB33506B2A8F066700782F6A /* MastermindGridUI.swift */; };
		FB33506E2A8F0C1900782F6A /* MastermindRowUI.swift in Sources */ = {isa = PBXBuildFile; fileRef = FB33506D2A8F0C1900782F6A /* MastermindRowUI.swift */; };
		FB3350702A8F11A400782F6A /* MastermindCellUI.swift in Sources */ = {isa = PBXBuildFile; fileRef = FB33506F2A8F11A400782F6A /* MastermindCellUI.swift */; };
		FB3350722A8F130400782F6A /* MastermindGradeUI.swift in Sources */ = {isa = PBXBuildFile; fileRef = FB3350712A8F130400782F6A /* MastermindGradeUI.swift */; };
		FB3350742A8F14B400782F6A /* MastermindGameView.swift in Sources */ = {isa = PBXBuildFile; fileRef = FB3350732A8F14B400782F6A /* MastermindGameView.swift */; };
		FB3350762A900CF700782F6A /* MastermindColors.swift in Sources */ = {isa = PBXBuildFile; fileRef = FB3350752A900CF700782F6A /* MastermindColors.swift */; };
		FB3350782A90157F00782F6A /* MastermindUIConstants.swift in Sources */ = {isa = PBXBuildFile; fileRef = FB3350772A90157F00782F6A /* MastermindUIConstants.swift */; };
		FB33507A2A901CBE00782F6A /* MastermindColorSelectorUI.swift in Sources */ = {isa = PBXBuildFile; fileRef = FB3350792A901CBE00782F6A /* MastermindColorSelectorUI.swift */; };
		FB33507C2A907BC800782F6A /* VariableDifficultyMastermind.swift in Sources */ = {isa = PBXBuildFile; fileRef = FB33507B2A907BC800782F6A /* VariableDifficultyMastermind.swift */; };
/* End PBXBuildFile section */

/* Begin PBXFileReference section */
		FB3350502A8EF86400782F6A /* Master Code Breaker.app */ = {isa = PBXFileReference; explicitFileType = wrapper.application; includeInIndex = 0; path = "Master Code Breaker.app"; sourceTree = BUILT_PRODUCTS_DIR; };
		FB3350532A8EF86400782F6A /* Master_Code_BreakerApp.swift */ = {isa = PBXFileReference; lastKnownFileType = sourcecode.swift; path = Master_Code_BreakerApp.swift; sourceTree = "<group>"; };
		FB3350552A8EF86400782F6A /* ContentView.swift */ = {isa = PBXFileReference; lastKnownFileType = sourcecode.swift; path = ContentView.swift; sourceTree = "<group>"; };
		FB3350572A8EF86700782F6A /* Assets.xcassets */ = {isa = PBXFileReference; lastKnownFileType = folder.assetcatalog; path = Assets.xcassets; sourceTree = "<group>"; };
		FB33505A2A8EF86700782F6A /* Preview Assets.xcassets */ = {isa = PBXFileReference; lastKnownFileType = folder.assetcatalog; path = "Preview Assets.xcassets"; sourceTree = "<group>"; };
		FB3350612A8EF87E00782F6A /* MastermindGame.swift */ = {isa = PBXFileReference; lastKnownFileType = sourcecode.swift; path = MastermindGame.swift; sourceTree = "<group>"; };
		FB3350632A8EF8D700782F6A /* MastermindRow.swift */ = {isa = PBXFileReference; lastKnownFileType = sourcecode.swift; path = MastermindRow.swift; sourceTree = "<group>"; };
		FB3350652A8EF90400782F6A /* MastermindCell.swift */ = {isa = PBXFileReference; lastKnownFileType = sourcecode.swift; path = MastermindCell.swift; sourceTree = "<group>"; };
		FB3350672A8EFC4300782F6A /* MastermindGrade.swift */ = {isa = PBXFileReference; lastKnownFileType = sourcecode.swift; path = MastermindGrade.swift; sourceTree = "<group>"; };
		FB33506B2A8F066700782F6A /* MastermindGridUI.swift */ = {isa = PBXFileReference; lastKnownFileType = sourcecode.swift; path = MastermindGridUI.swift; sourceTree = "<group>"; };
		FB33506D2A8F0C1900782F6A /* MastermindRowUI.swift */ = {isa = PBXFileReference; lastKnownFileType = sourcecode.swift; path = MastermindRowUI.swift; sourceTree = "<group>"; };
		FB33506F2A8F11A400782F6A /* MastermindCellUI.swift */ = {isa = PBXFileReference; lastKnownFileType = sourcecode.swift; path = MastermindCellUI.swift; sourceTree = "<group>"; };
		FB3350712A8F130400782F6A /* MastermindGradeUI.swift */ = {isa = PBXFileReference; lastKnownFileType = sourcecode.swift; path = MastermindGradeUI.swift; sourceTree = "<group>"; };
		FB3350732A8F14B400782F6A /* MastermindGameView.swift */ = {isa = PBXFileReference; lastKnownFileType = sourcecode.swift; path = MastermindGameView.swift; sourceTree = "<group>"; };
		FB3350752A900CF700782F6A /* MastermindColors.swift */ = {isa = PBXFileReference; lastKnownFileType = sourcecode.swift; path = MastermindColors.swift; sourceTree = "<group>"; };
		FB3350772A90157F00782F6A /* MastermindUIConstants.swift */ = {isa = PBXFileReference; lastKnownFileType = sourcecode.swift; path = MastermindUIConstants.swift; sourceTree = "<group>"; };
		FB3350792A901CBE00782F6A /* MastermindColorSelectorUI.swift */ = {isa = PBXFileReference; lastKnownFileType = sourcecode.swift; path = MastermindColorSelectorUI.swift; sourceTree = "<group>"; };
		FB33507B2A907BC800782F6A /* VariableDifficultyMastermind.swift */ = {isa = PBXFileReference; lastKnownFileType = sourcecode.swift; path = VariableDifficultyMastermind.swift; sourceTree = "<group>"; };
/* End PBXFileReference section */

/* Begin PBXFrameworksBuildPhase section */
		FB33504D2A8EF86400782F6A /* Frameworks */ = {
			isa = PBXFrameworksBuildPhase;
			buildActionMask = 2147483647;
			files = (
			);
			runOnlyForDeploymentPostprocessing = 0;
		};
/* End PBXFrameworksBuildPhase section */

/* Begin PBXGroup section */
		FB3350472A8EF86400782F6A = {
			isa = PBXGroup;
			children = (
				FB3350522A8EF86400782F6A /* Master Code Breaker */,
				FB3350512A8EF86400782F6A /* Products */,
			);
			sourceTree = "<group>";
		};
		FB3350512A8EF86400782F6A /* Products */ = {
			isa = PBXGroup;
			children = (
				FB3350502A8EF86400782F6A /* Master Code Breaker.app */,
			);
			name = Products;
			sourceTree = "<group>";
		};
		FB3350522A8EF86400782F6A /* Master Code Breaker */ = {
			isa = PBXGroup;
			children = (
				FB33507B2A907BC800782F6A /* VariableDifficultyMastermind.swift */,
				FB3350532A8EF86400782F6A /* Master_Code_BreakerApp.swift */,
				FB3350552A8EF86400782F6A /* ContentView.swift */,
				FB3350572A8EF86700782F6A /* Assets.xcassets */,
				FB3350592A8EF86700782F6A /* Preview Content */,
				FB33506A2A8F064100782F6A /* MastermindUI */,
				FB3350692A8F063500782F6A /* MastermindModel */,
			);
			path = "Master Code Breaker";
			sourceTree = "<group>";
		};
		FB3350592A8EF86700782F6A /* Preview Content */ = {
			isa = PBXGroup;
			children = (
				FB33505A2A8EF86700782F6A /* Preview Assets.xcassets */,
			);
			path = "Preview Content";
			sourceTree = "<group>";
		};
		FB3350692A8F063500782F6A /* MastermindModel */ = {
			isa = PBXGroup;
			children = (
				FB3350612A8EF87E00782F6A /* MastermindGame.swift */,
				FB3350672A8EFC4300782F6A /* MastermindGrade.swift */,
				FB3350632A8EF8D700782F6A /* MastermindRow.swift */,
				FB3350652A8EF90400782F6A /* MastermindCell.swift */,
			);
			path = MastermindModel;
			sourceTree = "<group>";
		};
		FB33506A2A8F064100782F6A /* MastermindUI */ = {
			isa = PBXGroup;
			children = (
				FB33506B2A8F066700782F6A /* MastermindGridUI.swift */,
				FB3350732A8F14B400782F6A /* MastermindGameView.swift */,
				FB3350772A90157F00782F6A /* MastermindUIConstants.swift */,
				FB33506D2A8F0C1900782F6A /* MastermindRowUI.swift */,
				FB3350712A8F130400782F6A /* MastermindGradeUI.swift */,
				FB33506F2A8F11A400782F6A /* MastermindCellUI.swift */,
				FB3350752A900CF700782F6A /* MastermindColors.swift */,
				FB3350792A901CBE00782F6A /* MastermindColorSelectorUI.swift */,
			);
			path = MastermindUI;
			sourceTree = "<group>";
		};
/* End PBXGroup section */

/* Begin PBXNativeTarget section */
		FB33504F2A8EF86400782F6A /* Master Code Breaker */ = {
			isa = PBXNativeTarget;
			buildConfigurationList = FB33505E2A8EF86700782F6A /* Build configuration list for PBXNativeTarget "Master Code Breaker" */;
			buildPhases = (
				FB33504C2A8EF86400782F6A /* Sources */,
				FB33504D2A8EF86400782F6A /* Frameworks */,
				FB33504E2A8EF86400782F6A /* Resources */,
			);
			buildRules = (
			);
			dependencies = (
			);
			name = "Master Code Breaker";
			productName = "Master Code Breaker";
			productReference = FB3350502A8EF86400782F6A /* Master Code Breaker.app */;
			productType = "com.apple.product-type.application";
		};
/* End PBXNativeTarget section */

/* Begin PBXProject section */
		FB3350482A8EF86400782F6A /* Project object */ = {
			isa = PBXProject;
			attributes = {
				BuildIndependentTargetsInParallel = 1;
				LastSwiftUpdateCheck = 1430;
				LastUpgradeCheck = 1430;
				TargetAttributes = {
					FB33504F2A8EF86400782F6A = {
						CreatedOnToolsVersion = 14.3.1;
					};
				};
			};
			buildConfigurationList = FB33504B2A8EF86400782F6A /* Build configuration list for PBXProject "Master Code Breaker" */;
			compatibilityVersion = "Xcode 14.0";
			developmentRegion = en;
			hasScannedForEncodings = 0;
			knownRegions = (
				en,
				Base,
			);
			mainGroup = FB3350472A8EF86400782F6A;
			productRefGroup = FB3350512A8EF86400782F6A /* Products */;
			projectDirPath = "";
			projectRoot = "";
			targets = (
				FB33504F2A8EF86400782F6A /* Master Code Breaker */,
			);
		};
/* End PBXProject section */

/* Begin PBXResourcesBuildPhase section */
		FB33504E2A8EF86400782F6A /* Resources */ = {
			isa = PBXResourcesBuildPhase;
			buildActionMask = 2147483647;
			files = (
				FB33505B2A8EF86700782F6A /* Preview Assets.xcassets in Resources */,
				FB3350582A8EF86700782F6A /* Assets.xcassets in Resources */,
			);
			runOnlyForDeploymentPostprocessing = 0;
		};
/* End PBXResourcesBuildPhase section */

/* Begin PBXSourcesBuildPhase section */
		FB33504C2A8EF86400782F6A /* Sources */ = {
			isa = PBXSourcesBuildPhase;
			buildActionMask = 2147483647;
			files = (
				FB33506C2A8F066700782F6A /* MastermindGridUI.swift in Sources */,
				FB3350722A8F130400782F6A /* MastermindGradeUI.swift in Sources */,
				FB3350782A90157F00782F6A /* MastermindUIConstants.swift in Sources */,
				FB3350562A8EF86400782F6A /* ContentView.swift in Sources */,
				FB33506E2A8F0C1900782F6A /* MastermindRowUI.swift in Sources */,
				FB3350622A8EF87E00782F6A /* MastermindGame.swift in Sources */,
				FB3350642A8EF8D700782F6A /* MastermindRow.swift in Sources */,
				FB3350702A8F11A400782F6A /* MastermindCellUI.swift in Sources */,
				FB3350542A8EF86400782F6A /* Master_Code_BreakerApp.swift in Sources */,
				FB3350662A8EF90400782F6A /* MastermindCell.swift in Sources */,
				FB3350742A8F14B400782F6A /* MastermindGameView.swift in Sources */,
				FB33507A2A901CBE00782F6A /* MastermindColorSelectorUI.swift in Sources */,
				FB3350682A8EFC4300782F6A /* MastermindGrade.swift in Sources */,
				FB3350762A900CF700782F6A /* MastermindColors.swift in Sources */,
				FB33507C2A907BC800782F6A /* VariableDifficultyMastermind.swift in Sources */,
			);
			runOnlyForDeploymentPostprocessing = 0;
		};
/* End PBXSourcesBuildPhase section */

/* Begin XCBuildConfiguration section */
		FB33505C2A8EF86700782F6A /* Debug */ = {
			isa = XCBuildConfiguration;
			buildSettings = {
				ALWAYS_SEARCH_USER_PATHS = NO;
				CLANG_ANALYZER_NONNULL = YES;
				CLANG_ANALYZER_NUMBER_OBJECT_CONVERSION = YES_AGGRESSIVE;
				CLANG_CXX_LANGUAGE_STANDARD = "gnu++20";
				CLANG_ENABLE_MODULES = YES;
				CLANG_ENABLE_OBJC_ARC = YES;
				CLANG_ENABLE_OBJC_WEAK = YES;
				CLANG_WARN_BLOCK_CAPTURE_AUTORELEASING = YES;
				CLANG_WARN_BOOL_CONVERSION = YES;
				CLANG_WARN_COMMA = YES;
				CLANG_WARN_CONSTANT_CONVERSION = YES;
				CLANG_WARN_DEPRECATED_OBJC_IMPLEMENTATIONS = YES;
				CLANG_WARN_DIRECT_OBJC_ISA_USAGE = YES_ERROR;
				CLANG_WARN_DOCUMENTATION_COMMENTS = YES;
				CLANG_WARN_EMPTY_BODY = YES;
				CLANG_WARN_ENUM_CONVERSION = YES;
				CLANG_WARN_INFINITE_RECURSION = YES;
				CLANG_WARN_INT_CONVERSION = YES;
				CLANG_WARN_NON_LITERAL_NULL_CONVERSION = YES;
				CLANG_WARN_OBJC_IMPLICIT_RETAIN_SELF = YES;
				CLANG_WARN_OBJC_LITERAL_CONVERSION = YES;
				CLANG_WARN_OBJC_ROOT_CLASS = YES_ERROR;
				CLANG_WARN_QUOTED_INCLUDE_IN_FRAMEWORK_HEADER = YES;
				CLANG_WARN_RANGE_LOOP_ANALYSIS = YES;
				CLANG_WARN_STRICT_PROTOTYPES = YES;
				CLANG_WARN_SUSPICIOUS_MOVE = YES;
				CLANG_WARN_UNGUARDED_AVAILABILITY = YES_AGGRESSIVE;
				CLANG_WARN_UNREACHABLE_CODE = YES;
				CLANG_WARN__DUPLICATE_METHOD_MATCH = YES;
				COPY_PHASE_STRIP = NO;
				DEBUG_INFORMATION_FORMAT = dwarf;
				ENABLE_STRICT_OBJC_MSGSEND = YES;
				ENABLE_TESTABILITY = YES;
				GCC_C_LANGUAGE_STANDARD = gnu11;
				GCC_DYNAMIC_NO_PIC = NO;
				GCC_NO_COMMON_BLOCKS = YES;
				GCC_OPTIMIZATION_LEVEL = 0;
				GCC_PREPROCESSOR_DEFINITIONS = (
					"DEBUG=1",
					"$(inherited)",
				);
				GCC_WARN_64_TO_32_BIT_CONVERSION = YES;
				GCC_WARN_ABOUT_RETURN_TYPE = YES_ERROR;
				GCC_WARN_UNDECLARED_SELECTOR = YES;
				GCC_WARN_UNINITIALIZED_AUTOS = YES_AGGRESSIVE;
				GCC_WARN_UNUSED_FUNCTION = YES;
				GCC_WARN_UNUSED_VARIABLE = YES;
				IPHONEOS_DEPLOYMENT_TARGET = 16.4;
				MTL_ENABLE_DEBUG_INFO = INCLUDE_SOURCE;
				MTL_FAST_MATH = YES;
				ONLY_ACTIVE_ARCH = YES;
				SDKROOT = iphoneos;
				SWIFT_ACTIVE_COMPILATION_CONDITIONS = DEBUG;
				SWIFT_OPTIMIZATION_LEVEL = "-Onone";
			};
			name = Debug;
		};
		FB33505D2A8EF86700782F6A /* Release */ = {
			isa = XCBuildConfiguration;
			buildSettings = {
				ALWAYS_SEARCH_USER_PATHS = NO;
				CLANG_ANALYZER_NONNULL = YES;
				CLANG_ANALYZER_NUMBER_OBJECT_CONVERSION = YES_AGGRESSIVE;
				CLANG_CXX_LANGUAGE_STANDARD = "gnu++20";
				CLANG_ENABLE_MODULES = YES;
				CLANG_ENABLE_OBJC_ARC = YES;
				CLANG_ENABLE_OBJC_WEAK = YES;
				CLANG_WARN_BLOCK_CAPTURE_AUTORELEASING = YES;
				CLANG_WARN_BOOL_CONVERSION = YES;
				CLANG_WARN_COMMA = YES;
				CLANG_WARN_CONSTANT_CONVERSION = YES;
				CLANG_WARN_DEPRECATED_OBJC_IMPLEMENTATIONS = YES;
				CLANG_WARN_DIRECT_OBJC_ISA_USAGE = YES_ERROR;
				CLANG_WARN_DOCUMENTATION_COMMENTS = YES;
				CLANG_WARN_EMPTY_BODY = YES;
				CLANG_WARN_ENUM_CONVERSION = YES;
				CLANG_WARN_INFINITE_RECURSION = YES;
				CLANG_WARN_INT_CONVERSION = YES;
				CLANG_WARN_NON_LITERAL_NULL_CONVERSION = YES;
				CLANG_WARN_OBJC_IMPLICIT_RETAIN_SELF = YES;
				CLANG_WARN_OBJC_LITERAL_CONVERSION = YES;
				CLANG_WARN_OBJC_ROOT_CLASS = YES_ERROR;
				CLANG_WARN_QUOTED_INCLUDE_IN_FRAMEWORK_HEADER = YES;
				CLANG_WARN_RANGE_LOOP_ANALYSIS = YES;
				CLANG_WARN_STRICT_PROTOTYPES = YES;
				CLANG_WARN_SUSPICIOUS_MOVE = YES;
				CLANG_WARN_UNGUARDED_AVAILABILITY = YES_AGGRESSIVE;
				CLANG_WARN_UNREACHABLE_CODE = YES;
				CLANG_WARN__DUPLICATE_METHOD_MATCH = YES;
				COPY_PHASE_STRIP = NO;
				DEBUG_INFORMATION_FORMAT = "dwarf-with-dsym";
				ENABLE_NS_ASSERTIONS = NO;
				ENABLE_STRICT_OBJC_MSGSEND = YES;
				GCC_C_LANGUAGE_STANDARD = gnu11;
				GCC_NO_COMMON_BLOCKS = YES;
				GCC_WARN_64_TO_32_BIT_CONVERSION = YES;
				GCC_WARN_ABOUT_RETURN_TYPE = YES_ERROR;
				GCC_WARN_UNDECLARED_SELECTOR = YES;
				GCC_WARN_UNINITIALIZED_AUTOS = YES_AGGRESSIVE;
				GCC_WARN_UNUSED_FUNCTION = YES;
				GCC_WARN_UNUSED_VARIABLE = YES;
				IPHONEOS_DEPLOYMENT_TARGET = 16.4;
				MTL_ENABLE_DEBUG_INFO = NO;
				MTL_FAST_MATH = YES;
				SDKROOT = iphoneos;
				SWIFT_COMPILATION_MODE = wholemodule;
				SWIFT_OPTIMIZATION_LEVEL = "-O";
				VALIDATE_PRODUCT = YES;
			};
			name = Release;
		};
		FB33505F2A8EF86700782F6A /* Debug */ = {
			isa = XCBuildConfiguration;
			buildSettings = {
				ASSETCATALOG_COMPILER_APPICON_NAME = AppIcon;
				ASSETCATALOG_COMPILER_GLOBAL_ACCENT_COLOR_NAME = AccentColor;
				CODE_SIGN_STYLE = Automatic;
				CURRENT_PROJECT_VERSION = 1;
				DEVELOPMENT_ASSET_PATHS = "\"Master Code Breaker/Preview Content\"";
				DEVELOPMENT_TEAM = 64Q9YVZ5VG;
				ENABLE_PREVIEWS = YES;
				GENERATE_INFOPLIST_FILE = YES;
				INFOPLIST_KEY_UIApplicationSceneManifest_Generation = YES;
				INFOPLIST_KEY_UIApplicationSupportsIndirectInputEvents = YES;
				INFOPLIST_KEY_UILaunchScreen_Generation = YES;
				INFOPLIST_KEY_UISupportedInterfaceOrientations_iPad = "UIInterfaceOrientationPortrait UIInterfaceOrientationPortraitUpsideDown UIInterfaceOrientationLandscapeLeft UIInterfaceOrientationLandscapeRight";
				INFOPLIST_KEY_UISupportedInterfaceOrientations_iPhone = "UIInterfaceOrientationPortrait UIInterfaceOrientationLandscapeLeft UIInterfaceOrientationLandscapeRight";
				LD_RUNPATH_SEARCH_PATHS = (
					"$(inherited)",
					"@executable_path/Frameworks",
				);
				MARKETING_VERSION = 1.0;
				PRODUCT_BUNDLE_IDENTIFIER = "jason.Master-Code-Breaker";
				PRODUCT_NAME = "$(TARGET_NAME)";
				SWIFT_EMIT_LOC_STRINGS = YES;
				SWIFT_VERSION = 5.0;
				TARGETED_DEVICE_FAMILY = "1,2";
			};
			name = Debug;
		};
		FB3350602A8EF86700782F6A /* Release */ = {
			isa = XCBuildConfiguration;
			buildSettings = {
				ASSETCATALOG_COMPILER_APPICON_NAME = AppIcon;
				ASSETCATALOG_COMPILER_GLOBAL_ACCENT_COLOR_NAME = AccentColor;
				CODE_SIGN_STYLE = Automatic;
				CURRENT_PROJECT_VERSION = 1;
				DEVELOPMENT_ASSET_PATHS = "\"Master Code Breaker/Preview Content\"";
				DEVELOPMENT_TEAM = 64Q9YVZ5VG;
				ENABLE_PREVIEWS = YES;
				GENERATE_INFOPLIST_FILE = YES;
				INFOPLIST_KEY_UIApplicationSceneManifest_Generation = YES;
				INFOPLIST_KEY_UIApplicationSupportsIndirectInputEvents = YES;
				INFOPLIST_KEY_UILaunchScreen_Generation = YES;
				INFOPLIST_KEY_UISupportedInterfaceOrientations_iPad = "UIInterfaceOrientationPortrait UIInterfaceOrientationPortraitUpsideDown UIInterfaceOrientationLandscapeLeft UIInterfaceOrientationLandscapeRight";
				INFOPLIST_KEY_UISupportedInterfaceOrientations_iPhone = "UIInterfaceOrientationPortrait UIInterfaceOrientationLandscapeLeft UIInterfaceOrientationLandscapeRight";
				LD_RUNPATH_SEARCH_PATHS = (
					"$(inherited)",
					"@executable_path/Frameworks",
				);
				MARKETING_VERSION = 1.0;
				PRODUCT_BUNDLE_IDENTIFIER = "jason.Master-Code-Breaker";
				PRODUCT_NAME = "$(TARGET_NAME)";
				SWIFT_EMIT_LOC_STRINGS = YES;
				SWIFT_VERSION = 5.0;
				TARGETED_DEVICE_FAMILY = "1,2";
			};
			name = Release;
		};
/* End XCBuildConfiguration section */

/* Begin XCConfigurationList section */
		FB33504B2A8EF86400782F6A /* Build configuration list for PBXProject "Master Code Breaker" */ = {
			isa = XCConfigurationList;
			buildConfigurations = (
				FB33505C2A8EF86700782F6A /* Debug */,
				FB33505D2A8EF86700782F6A /* Release */,
			);
			defaultConfigurationIsVisible = 0;
			defaultConfigurationName = Release;
		};
		FB33505E2A8EF86700782F6A /* Build configuration list for PBXNativeTarget "Master Code Breaker" */ = {
			isa = XCConfigurationList;
			buildConfigurations = (
				FB33505F2A8EF86700782F6A /* Debug */,
				FB3350602A8EF86700782F6A /* Release */,
			);
			defaultConfigurationIsVisible = 0;
			defaultConfigurationName = Release;
		};
/* End XCConfigurationList section */
	};
	rootObject = FB3350482A8EF86400782F6A /* Project object */;
}
